
Microsoft Visual Studio Solution File, Format Version 12.00
# Visual Studio Version 17
VisualStudioVersion = 17.14.36414.22 d17.14
MinimumVisualStudioVersion = 10.0.40219.1
Project("{FAE04EC0-301F-11D3-BF4B-00C04F79EFBC}") = "Buoi9", "Buoi9\Buoi9.csproj", "{CF84E411-0716-4357-9864-04B98E392A72}"
EndProject
Global
	GlobalSection(SolutionConfigurationPlatforms) = preSolution
		Debug|Any CPU = Debug|Any CPU
		Release|Any CPU = Release|Any CPU
	EndGlobalSection
	GlobalSection(ProjectConfigurationPlatforms) = postSolution
		{CF84E411-0716-4357-9864-04B98E392A72}.Debug|Any CPU.ActiveCfg = Debug|Any CPU
		{CF84E411-0716-4357-9864-04B98E392A72}.Debug|Any CPU.Build.0 = Debug|Any CPU
		{CF84E411-0716-4357-9864-04B98E392A72}.Release|Any CPU.ActiveCfg = Release|Any CPU
		{CF84E411-0716-4357-9864-04B98E392A72}.Release|Any CPU.Build.0 = Release|Any CPU
	EndGlobalSection
	GlobalSection(SolutionProperties) = preSolution
		HideSolutionNode = FALSE
	EndGlobalSection
	GlobalSection(ExtensibilityGlobals) = postSolution
		SolutionGuid = {907AF7EA-A14E-4A90-83DA-04FD79758A82}
	EndGlobalSection
EndGlobal
