
Microsoft Visual Studio Solution File, Format Version 12.00
# Visual Studio Version 17
VisualStudioVersion = 17.14.36414.22
MinimumVisualStudioVersion = 10.0.40219.1
Project("{FAE04EC0-301F-11D3-BF4B-00C04F79EFBC}") = "B2.1", "B2.1\B2.1.csproj", "{7586FA07-ED8F-456B-A53D-57A360609423}"
EndProject
Project("{FAE04EC0-301F-11D3-BF4B-00C04F79EFBC}") = "bai2.3", "bai2.3\bai2.3.csproj", "{7C47B91F-256A-454B-AC5E-77769F310E30}"
EndProject
Project("{FAE04EC0-301F-11D3-BF4B-00C04F79EFBC}") = "BAI2.4", "BAI2.4\BAI2.4.csproj", "{A58EAABF-2B56-4C82-91EC-12460338ACDA}"
EndProject
Project("{FAE04EC0-301F-11D3-BF4B-00C04F79EFBC}") = "bai2.5", "bai2.5\bai2.5.csproj", "{D99CB3D1-431B-4BC4-95D9-399BF85BA503}"
EndProject
Project("{FAE04EC0-301F-11D3-BF4B-00C04F79EFBC}") = "bai2.6", "bai2.6\bai2.6.csproj", "{F41C7520-8A58-4C3C-8111-3859AFFA3BD8}"
EndProject
Project("{FAE04EC0-301F-11D3-BF4B-00C04F79EFBC}") = "bai2.7", "bai2.7\bai2.7.csproj", "{C2C4F1DC-9A47-4F57-8A75-1A59FA9A1D09}"
EndProject
Project("{FAE04EC0-301F-11D3-BF4B-00C04F79EFBC}") = "bai2.8", "bai2.8\bai2.8.csproj", "{D947336E-6800-4C19-B049-A1B6A06B37D3}"
EndProject
Project("{FAE04EC0-301F-11D3-BF4B-00C04F79EFBC}") = "2.9", "2.9\2.9.csproj", "{08F0EC2F-0524-4259-BDC6-D1B9386CB93D}"
EndProject
Project("{FAE04EC0-301F-11D3-BF4B-00C04F79EFBC}") = "bai2.10", "bai2.10\bai2.10.csproj", "{9F502D8D-7855-4BF5-9C7F-AC0AB5C93A6A}"
EndProject
Project("{FAE04EC0-301F-11D3-BF4B-00C04F79EFBC}") = "bai 3.1", "bai 3.1\bai 3.1.csproj", "{A6A6BBA5-38B0-4283-9D59-D0BC93350107}"
EndProject
Project("{FAE04EC0-301F-11D3-BF4B-00C04F79EFBC}") = "3.2", "3.2\3.2.csproj", "{AD035C9A-EAC0-4A24-9C01-3CA75B05D9C7}"
EndProject
Project("{FAE04EC0-301F-11D3-BF4B-00C04F79EFBC}") = "bai3.4", "bai3.4\bai3.4.csproj", "{12FB6EF4-0BEF-407E-8FBA-A0DA6A8D0C15}"
EndProject
Project("{FAE04EC0-301F-11D3-BF4B-00C04F79EFBC}") = "bai3.3", "bai3.3\bai3.3.csproj", "{7EC2F4F0-3CAB-4536-849A-9D6CD6004392}"
EndProject
Project("{FAE04EC0-301F-11D3-BF4B-00C04F79EFBC}") = "4.1", "4.1\4.1.csproj", "{54D3D7E9-55B7-4450-9001-DDD4F9E7AA7A}"
EndProject
Project("{FAE04EC0-301F-11D3-BF4B-00C04F79EFBC}") = "4.2", "4.2\4.2.csproj", "{54B01352-84ED-4AA5-8F22-5CD8DD5454F7}"
EndProject
Project("{FAE04EC0-301F-11D3-BF4B-00C04F79EFBC}") = "4.3", "4.3\4.3.csproj", "{171C299B-8A76-4728-A057-50FF8D31A92F}"
EndProject
Project("{FAE04EC0-301F-11D3-BF4B-00C04F79EFBC}") = "4.4", "4.4\4.4.csproj", "{67C48BF8-7C40-4976-BFF9-8578E191DDC7}"
EndProject
Project("{FAE04EC0-301F-11D3-BF4B-00C04F79EFBC}") = "4.5", "4.5\4.5.csproj", "{908ED236-7514-497D-8F4D-6AE37786A0E1}"
EndProject
Project("{FAE04EC0-301F-11D3-BF4B-00C04F79EFBC}") = "4.6", "4.6\4.6.csproj", "{073165F5-4D3A-4F99-B09A-5F35280E68E8}"
EndProject
Project("{FAE04EC0-301F-11D3-BF4B-00C04F79EFBC}") = "4.7", "4.7\4.7.csproj", "{F83696B5-7EC9-4E24-8714-5A82A7197590}"
EndProject
Project("{2150E333-8FDC-42A3-9474-1A3956D46DE8}") = "Solution Items", "Solution Items", "{02EA681E-C7D8-13C7-8484-4AC65E1B71E8}"
	ProjectSection(SolutionItems) = preProject
		.editorconfig = .editorconfig
	EndProjectSection
EndProject
Global
	GlobalSection(SolutionConfigurationPlatforms) = preSolution
		Debug|Any CPU = Debug|Any CPU
		Release|Any CPU = Release|Any CPU
	EndGlobalSection
	GlobalSection(ProjectConfigurationPlatforms) = postSolution
		{7586FA07-ED8F-456B-A53D-57A360609423}.Debug|Any CPU.ActiveCfg = Debug|Any CPU
		{7586FA07-ED8F-456B-A53D-57A360609423}.Debug|Any CPU.Build.0 = Debug|Any CPU
		{7586FA07-ED8F-456B-A53D-57A360609423}.Release|Any CPU.ActiveCfg = Release|Any CPU
		{7586FA07-ED8F-456B-A53D-57A360609423}.Release|Any CPU.Build.0 = Release|Any CPU
		{7C47B91F-256A-454B-AC5E-77769F310E30}.Debug|Any CPU.ActiveCfg = Debug|Any CPU
		{7C47B91F-256A-454B-AC5E-77769F310E30}.Debug|Any CPU.Build.0 = Debug|Any CPU
		{7C47B91F-256A-454B-AC5E-77769F310E30}.Release|Any CPU.ActiveCfg = Release|Any CPU
		{7C47B91F-256A-454B-AC5E-77769F310E30}.Release|Any CPU.Build.0 = Release|Any CPU
		{A58EAABF-2B56-4C82-91EC-12460338ACDA}.Debug|Any CPU.ActiveCfg = Debug|Any CPU
		{A58EAABF-2B56-4C82-91EC-12460338ACDA}.Debug|Any CPU.Build.0 = Debug|Any CPU
		{A58EAABF-2B56-4C82-91EC-12460338ACDA}.Release|Any CPU.ActiveCfg = Release|Any CPU
		{A58EAABF-2B56-4C82-91EC-12460338ACDA}.Release|Any CPU.Build.0 = Release|Any CPU
		{D99CB3D1-431B-4BC4-95D9-399BF85BA503}.Debug|Any CPU.ActiveCfg = Debug|Any CPU
		{D99CB3D1-431B-4BC4-95D9-399BF85BA503}.Debug|Any CPU.Build.0 = Debug|Any CPU
		{D99CB3D1-431B-4BC4-95D9-399BF85BA503}.Release|Any CPU.ActiveCfg = Release|Any CPU
		{D99CB3D1-431B-4BC4-95D9-399BF85BA503}.Release|Any CPU.Build.0 = Release|Any CPU
		{F41C7520-8A58-4C3C-8111-3859AFFA3BD8}.Debug|Any CPU.ActiveCfg = Debug|Any CPU
		{F41C7520-8A58-4C3C-8111-3859AFFA3BD8}.Debug|Any CPU.Build.0 = Debug|Any CPU
		{F41C7520-8A58-4C3C-8111-3859AFFA3BD8}.Release|Any CPU.ActiveCfg = Release|Any CPU
		{F41C7520-8A58-4C3C-8111-3859AFFA3BD8}.Release|Any CPU.Build.0 = Release|Any CPU
		{C2C4F1DC-9A47-4F57-8A75-1A59FA9A1D09}.Debug|Any CPU.ActiveCfg = Debug|Any CPU
		{C2C4F1DC-9A47-4F57-8A75-1A59FA9A1D09}.Debug|Any CPU.Build.0 = Debug|Any CPU
		{C2C4F1DC-9A47-4F57-8A75-1A59FA9A1D09}.Release|Any CPU.ActiveCfg = Release|Any CPU
		{C2C4F1DC-9A47-4F57-8A75-1A59FA9A1D09}.Release|Any CPU.Build.0 = Release|Any CPU
		{D947336E-6800-4C19-B049-A1B6A06B37D3}.Debug|Any CPU.ActiveCfg = Debug|Any CPU
		{D947336E-6800-4C19-B049-A1B6A06B37D3}.Debug|Any CPU.Build.0 = Debug|Any CPU
		{D947336E-6800-4C19-B049-A1B6A06B37D3}.Release|Any CPU.ActiveCfg = Release|Any CPU
		{D947336E-6800-4C19-B049-A1B6A06B37D3}.Release|Any CPU.Build.0 = Release|Any CPU
		{08F0EC2F-0524-4259-BDC6-D1B9386CB93D}.Debug|Any CPU.ActiveCfg = Debug|Any CPU
		{08F0EC2F-0524-4259-BDC6-D1B9386CB93D}.Debug|Any CPU.Build.0 = Debug|Any CPU
		{08F0EC2F-0524-4259-BDC6-D1B9386CB93D}.Release|Any CPU.ActiveCfg = Release|Any CPU
		{08F0EC2F-0524-4259-BDC6-D1B9386CB93D}.Release|Any CPU.Build.0 = Release|Any CPU
		{9F502D8D-7855-4BF5-9C7F-AC0AB5C93A6A}.Debug|Any CPU.ActiveCfg = Debug|Any CPU
		{9F502D8D-7855-4BF5-9C7F-AC0AB5C93A6A}.Debug|Any CPU.Build.0 = Debug|Any CPU
		{9F502D8D-7855-4BF5-9C7F-AC0AB5C93A6A}.Release|Any CPU.ActiveCfg = Release|Any CPU
		{9F502D8D-7855-4BF5-9C7F-AC0AB5C93A6A}.Release|Any CPU.Build.0 = Release|Any CPU
		{A6A6BBA5-38B0-4283-9D59-D0BC93350107}.Debug|Any CPU.ActiveCfg = Debug|Any CPU
		{A6A6BBA5-38B0-4283-9D59-D0BC93350107}.Debug|Any CPU.Build.0 = Debug|Any CPU
		{A6A6BBA5-38B0-4283-9D59-D0BC93350107}.Release|Any CPU.ActiveCfg = Release|Any CPU
		{A6A6BBA5-38B0-4283-9D59-D0BC93350107}.Release|Any CPU.Build.0 = Release|Any CPU
		{AD035C9A-EAC0-4A24-9C01-3CA75B05D9C7}.Debug|Any CPU.ActiveCfg = Debug|Any CPU
		{AD035C9A-EAC0-4A24-9C01-3CA75B05D9C7}.Debug|Any CPU.Build.0 = Debug|Any CPU
		{AD035C9A-EAC0-4A24-9C01-3CA75B05D9C7}.Release|Any CPU.ActiveCfg = Release|Any CPU
		{AD035C9A-EAC0-4A24-9C01-3CA75B05D9C7}.Release|Any CPU.Build.0 = Release|Any CPU
		{12FB6EF4-0BEF-407E-8FBA-A0DA6A8D0C15}.Debug|Any CPU.ActiveCfg = Debug|Any CPU
		{12FB6EF4-0BEF-407E-8FBA-A0DA6A8D0C15}.Debug|Any CPU.Build.0 = Debug|Any CPU
		{12FB6EF4-0BEF-407E-8FBA-A0DA6A8D0C15}.Release|Any CPU.ActiveCfg = Release|Any CPU
		{12FB6EF4-0BEF-407E-8FBA-A0DA6A8D0C15}.Release|Any CPU.Build.0 = Release|Any CPU
		{7EC2F4F0-3CAB-4536-849A-9D6CD6004392}.Debug|Any CPU.ActiveCfg = Debug|Any CPU
		{7EC2F4F0-3CAB-4536-849A-9D6CD6004392}.Debug|Any CPU.Build.0 = Debug|Any CPU
		{7EC2F4F0-3CAB-4536-849A-9D6CD6004392}.Release|Any CPU.ActiveCfg = Release|Any CPU
		{7EC2F4F0-3CAB-4536-849A-9D6CD6004392}.Release|Any CPU.Build.0 = Release|Any CPU
		{54D3D7E9-55B7-4450-9001-DDD4F9E7AA7A}.Debug|Any CPU.ActiveCfg = Debug|Any CPU
		{54D3D7E9-55B7-4450-9001-DDD4F9E7AA7A}.Debug|Any CPU.Build.0 = Debug|Any CPU
		{54D3D7E9-55B7-4450-9001-DDD4F9E7AA7A}.Release|Any CPU.ActiveCfg = Release|Any CPU
		{54D3D7E9-55B7-4450-9001-DDD4F9E7AA7A}.Release|Any CPU.Build.0 = Release|Any CPU
		{54B01352-84ED-4AA5-8F22-5CD8DD5454F7}.Debug|Any CPU.ActiveCfg = Debug|Any CPU
		{54B01352-84ED-4AA5-8F22-5CD8DD5454F7}.Debug|Any CPU.Build.0 = Debug|Any CPU
		{54B01352-84ED-4AA5-8F22-5CD8DD5454F7}.Release|Any CPU.ActiveCfg = Release|Any CPU
		{54B01352-84ED-4AA5-8F22-5CD8DD5454F7}.Release|Any CPU.Build.0 = Release|Any CPU
		{171C299B-8A76-4728-A057-50FF8D31A92F}.Debug|Any CPU.ActiveCfg = Debug|Any CPU
		{171C299B-8A76-4728-A057-50FF8D31A92F}.Debug|Any CPU.Build.0 = Debug|Any CPU
		{171C299B-8A76-4728-A057-50FF8D31A92F}.Release|Any CPU.ActiveCfg = Release|Any CPU
		{171C299B-8A76-4728-A057-50FF8D31A92F}.Release|Any CPU.Build.0 = Release|Any CPU
		{67C48BF8-7C40-4976-BFF9-8578E191DDC7}.Debug|Any CPU.ActiveCfg = Debug|Any CPU
		{67C48BF8-7C40-4976-BFF9-8578E191DDC7}.Debug|Any CPU.Build.0 = Debug|Any CPU
		{67C48BF8-7C40-4976-BFF9-8578E191DDC7}.Release|Any CPU.ActiveCfg = Release|Any CPU
		{67C48BF8-7C40-4976-BFF9-8578E191DDC7}.Release|Any CPU.Build.0 = Release|Any CPU
		{908ED236-7514-497D-8F4D-6AE37786A0E1}.Debug|Any CPU.ActiveCfg = Debug|Any CPU
		{908ED236-7514-497D-8F4D-6AE37786A0E1}.Debug|Any CPU.Build.0 = Debug|Any CPU
		{908ED236-7514-497D-8F4D-6AE37786A0E1}.Release|Any CPU.ActiveCfg = Release|Any CPU
		{908ED236-7514-497D-8F4D-6AE37786A0E1}.Release|Any CPU.Build.0 = Release|Any CPU
		{073165F5-4D3A-4F99-B09A-5F35280E68E8}.Debug|Any CPU.ActiveCfg = Debug|Any CPU
		{073165F5-4D3A-4F99-B09A-5F35280E68E8}.Debug|Any CPU.Build.0 = Debug|Any CPU
		{073165F5-4D3A-4F99-B09A-5F35280E68E8}.Release|Any CPU.ActiveCfg = Release|Any CPU
		{073165F5-4D3A-4F99-B09A-5F35280E68E8}.Release|Any CPU.Build.0 = Release|Any CPU
		{F83696B5-7EC9-4E24-8714-5A82A7197590}.Debug|Any CPU.ActiveCfg = Debug|Any CPU
		{F83696B5-7EC9-4E24-8714-5A82A7197590}.Debug|Any CPU.Build.0 = Debug|Any CPU
		{F83696B5-7EC9-4E24-8714-5A82A7197590}.Release|Any CPU.ActiveCfg = Release|Any CPU
		{F83696B5-7EC9-4E24-8714-5A82A7197590}.Release|Any CPU.Build.0 = Release|Any CPU
	EndGlobalSection
	GlobalSection(SolutionProperties) = preSolution
		HideSolutionNode = FALSE
	EndGlobalSection
	GlobalSection(ExtensibilityGlobals) = postSolution
		SolutionGuid = {25E86C51-C666-428B-81E7-9EFFE3C1EA2A}
	EndGlobalSection
EndGlobal
